
Microsoft Visual Studio Solution File, Format Version 12.00
# Visual Studio 15
VisualStudioVersion = 15.0.28307.329
MinimumVisualStudioVersion = 10.0.40219.1
Project("{FAE04EC0-301F-11D3-BF4B-00C04F79EFBC}") = "WindowsFormsApp1", "WindowsFormsApp1\WindowsFormsApp1.csproj", "{4DFD0372-24B5-4436-890D-463B03C468A6}"
EndProject
Global
	GlobalSection(SolutionConfigurationPlatforms) = preSolution
		Debug|Any CPU = Debug|Any CPU
		Release|Any CPU = Release|Any CPU
	EndGlobalSection
	GlobalSection(ProjectConfigurationPlatforms) = postSolution
		{4DFD0372-24B5-4436-890D-463B03C468A6}.Debug|Any CPU.ActiveCfg = Debug|Any CPU
		{4DFD0372-24B5-4436-890D-463B03C468A6}.Debug|Any CPU.Build.0 = Debug|Any CPU
		{4DFD0372-24B5-4436-890D-463B03C468A6}.Release|Any CPU.ActiveCfg = Release|Any CPU
		{4DFD0372-24B5-4436-890D-463B03C468A6}.Release|Any CPU.Build.0 = Release|Any CPU
	EndGlobalSection
	GlobalSection(SolutionProperties) = preSolution
		HideSolutionNode = FALSE
	EndGlobalSection
	GlobalSection(ExtensibilityGlobals) = postSolution
		SolutionGuid = {3D862B63-5A36-4BCD-990A-A8BA83F54096}
	EndGlobalSection
EndGlobal
